Microsoft Visual Studio Solution File, Format Version 12.00
# Visual Studio 2012
Project("{FAE04EC0-301F-11D3-BF4B-00C04F79EFBC}") = "Stasjon", "Stasjon.csproj", "{B03C08AF-550E-41D2-B6D3-63333E2C25B9}"
EndProject
Global
	GlobalSection(SolutionConfigurationPlatforms) = preSolution
	Debug|Any CPU = Debug|Any CPU
	ExportDebug|Any CPU = ExportDebug|Any CPU
	ExportRelease|Any CPU = ExportRelease|Any CPU
	EndGlobalSection
	GlobalSection(ProjectConfigurationPlatforms) = postSolution
		{B03C08AF-550E-41D2-B6D3-63333E2C25B9}.Debug|Any CPU.ActiveCfg = Debug|Any CPU
		{B03C08AF-550E-41D2-B6D3-63333E2C25B9}.Debug|Any CPU.Build.0 = Debug|Any CPU
		{B03C08AF-550E-41D2-B6D3-63333E2C25B9}.ExportDebug|Any CPU.ActiveCfg = ExportDebug|Any CPU
		{B03C08AF-550E-41D2-B6D3-63333E2C25B9}.ExportDebug|Any CPU.Build.0 = ExportDebug|Any CPU
		{B03C08AF-550E-41D2-B6D3-63333E2C25B9}.ExportRelease|Any CPU.ActiveCfg = ExportRelease|Any CPU
		{B03C08AF-550E-41D2-B6D3-63333E2C25B9}.ExportRelease|Any CPU.Build.0 = ExportRelease|Any CPU
	EndGlobalSection
EndGlobal
